
Microsoft Visual Studio Solution File, Format Version 11.00
# Visual C++ Express 2010
Project("{8BC9CEB8-8B4A-11D0-8D11-00A0C91BC942}") = "James' TimeTagger", "James' TimeTagger\James' TimeTagger.vcxproj", "{49D16E4D-5788-4E35-88A5-3A7ADBE48A9D}"
EndProject
Global
	GlobalSection(SolutionConfigurationPlatforms) = preSolution
		Debug|Win32 = Debug|Win32
		Release|Win32 = Release|Win32
	EndGlobalSection
	GlobalSection(ProjectConfigurationPlatforms) = postSolution
		{49D16E4D-5788-4E35-88A5-3A7ADBE48A9D}.Debug|Win32.ActiveCfg = Debug|Win32
		{49D16E4D-5788-4E35-88A5-3A7ADBE48A9D}.Debug|Win32.Build.0 = Debug|Win32
		{49D16E4D-5788-4E35-88A5-3A7ADBE48A9D}.Release|Win32.ActiveCfg = Release|Win32
		{49D16E4D-5788-4E35-88A5-3A7ADBE48A9D}.Release|Win32.Build.0 = Release|Win32
	EndGlobalSection
	GlobalSection(SolutionProperties) = preSolution
		HideSolutionNode = FALSE
	EndGlobalSection
EndGlobal
